
Microsoft Visual Studio Solution File, Format Version 12.00
# Visual Studio Version 16
VisualStudioVersion = 16.0.31205.134
MinimumVisualStudioVersion = 10.0.40219.1
Project("{FAE04EC0-301F-11D3-BF4B-00C04F79EFBC}") = "WebApplication5", "WebApplication5\WebApplication5.csproj", "{C64C7D82-7AEA-4BFF-AEDA-E97CED44FCBB}"
EndProject
Project("{FAE04EC0-301F-11D3-BF4B-00C04F79EFBC}") = "SalaryCalculation.Data", "SalaryCalculation.Data\SalaryCalculation.Data.csproj", "{7FCA9CCF-3BB4-4002-99C1-3BA3B8CB93AA}"
EndProject
Global
	GlobalSection(SolutionConfigurationPlatforms) = preSolution
		Debug|Any CPU = Debug|Any CPU
		Release|Any CPU = Release|Any CPU
	EndGlobalSection
	GlobalSection(ProjectConfigurationPlatforms) = postSolution
		{C64C7D82-7AEA-4BFF-AEDA-E97CED44FCBB}.Debug|Any CPU.ActiveCfg = Debug|Any CPU
		{C64C7D82-7AEA-4BFF-AEDA-E97CED44FCBB}.Debug|Any CPU.Build.0 = Debug|Any CPU
		{C64C7D82-7AEA-4BFF-AEDA-E97CED44FCBB}.Release|Any CPU.ActiveCfg = Release|Any CPU
		{C64C7D82-7AEA-4BFF-AEDA-E97CED44FCBB}.Release|Any CPU.Build.0 = Release|Any CPU
		{7FCA9CCF-3BB4-4002-99C1-3BA3B8CB93AA}.Debug|Any CPU.ActiveCfg = Debug|Any CPU
		{7FCA9CCF-3BB4-4002-99C1-3BA3B8CB93AA}.Debug|Any CPU.Build.0 = Debug|Any CPU
		{7FCA9CCF-3BB4-4002-99C1-3BA3B8CB93AA}.Release|Any CPU.ActiveCfg = Release|Any CPU
		{7FCA9CCF-3BB4-4002-99C1-3BA3B8CB93AA}.Release|Any CPU.Build.0 = Release|Any CPU
	EndGlobalSection
	GlobalSection(SolutionProperties) = preSolution
		HideSolutionNode = FALSE
	EndGlobalSection
	GlobalSection(ExtensibilityGlobals) = postSolution
		SolutionGuid = {DFC6F136-DBA7-4D51-A7AC-81A7F2E74B91}
	EndGlobalSection
EndGlobal
